
Microsoft Visual Studio Solution File, Format Version 12.00
# Visual Studio 15
VisualStudioVersion = 15.0.26430.15
MinimumVisualStudioVersion = 10.0.40219.1
Project("{FAE04EC0-301F-11D3-BF4B-00C04F79EFBC}") = "ProgettoApp", "ProgettoApp\ProgettoApp.csproj", "{2F980EE3-86BD-4359-9FED-9CF73F86548F}"
	ProjectSection(ProjectDependencies) = postProject
		{A4A54640-D3DC-4E0D-9444-0FDD8C43DA3E} = {A4A54640-D3DC-4E0D-9444-0FDD8C43DA3E}
		{EF9603EB-51DC-4107-B66F-48025A9F26FF} = {EF9603EB-51DC-4107-B66F-48025A9F26FF}
	EndProjectSection
EndProject
Project("{FAE04EC0-301F-11D3-BF4B-00C04F79EFBC}") = "BITS", "BITS\BITS.csproj", "{EF9603EB-51DC-4107-B66F-48025A9F26FF}"
EndProject
Project("{FAE04EC0-301F-11D3-BF4B-00C04F79EFBC}") = "TestNet", "TestNet\TestNet.csproj", "{AEC0583B-E2DC-4754-9163-2043BAD97AAC}"
EndProject
Project("{FAE04EC0-301F-11D3-BF4B-00C04F79EFBC}") = "ShellContex", "ShellContex\ShellContex.csproj", "{A4A54640-D3DC-4E0D-9444-0FDD8C43DA3E}"
EndProject
Project("{840C416C-B8F3-42BC-B0DD-F6BB14C9F8CB}") = "Setup", "Setup\Setup.aiproj", "{FACF4F2B-863F-489F-9CBE-9DD0A9BA61B6}"
EndProject
Global
	GlobalSection(SolutionConfigurationPlatforms) = preSolution
		Ad-Hoc|Any CPU = Ad-Hoc|Any CPU
		Ad-Hoc|iPhone = Ad-Hoc|iPhone
		Ad-Hoc|iPhoneSimulator = Ad-Hoc|iPhoneSimulator
		Ad-Hoc|x86 = Ad-Hoc|x86
		AppStore|Any CPU = AppStore|Any CPU
		AppStore|iPhone = AppStore|iPhone
		AppStore|iPhoneSimulator = AppStore|iPhoneSimulator
		AppStore|x86 = AppStore|x86
		Debug|Any CPU = Debug|Any CPU
		Debug|iPhone = Debug|iPhone
		Debug|iPhoneSimulator = Debug|iPhoneSimulator
		Debug|x86 = Debug|x86
		DefaultBuild|Any CPU = DefaultBuild|Any CPU
		DefaultBuild|iPhone = DefaultBuild|iPhone
		DefaultBuild|iPhoneSimulator = DefaultBuild|iPhoneSimulator
		DefaultBuild|x86 = DefaultBuild|x86
		Release|Any CPU = Release|Any CPU
		Release|iPhone = Release|iPhone
		Release|iPhoneSimulator = Release|iPhoneSimulator
		Release|x86 = Release|x86
	EndGlobalSection
	GlobalSection(ProjectConfigurationPlatforms) = postSolution
		{2F980EE3-86BD-4359-9FED-9CF73F86548F}.Ad-Hoc|Any CPU.ActiveCfg = Release|Any CPU
		{2F980EE3-86BD-4359-9FED-9CF73F86548F}.Ad-Hoc|Any CPU.Build.0 = Release|Any CPU
		{2F980EE3-86BD-4359-9FED-9CF73F86548F}.Ad-Hoc|iPhone.ActiveCfg = Release|Any CPU
		{2F980EE3-86BD-4359-9FED-9CF73F86548F}.Ad-Hoc|iPhone.Build.0 = Release|Any CPU
		{2F980EE3-86BD-4359-9FED-9CF73F86548F}.Ad-Hoc|iPhoneSimulator.ActiveCfg = Release|Any CPU
		{2F980EE3-86BD-4359-9FED-9CF73F86548F}.Ad-Hoc|iPhoneSimulator.Build.0 = Release|Any CPU
		{2F980EE3-86BD-4359-9FED-9CF73F86548F}.Ad-Hoc|x86.ActiveCfg = Release|Any CPU
		{2F980EE3-86BD-4359-9FED-9CF73F86548F}.Ad-Hoc|x86.Build.0 = Release|Any CPU
		{2F980EE3-86BD-4359-9FED-9CF73F86548F}.AppStore|Any CPU.ActiveCfg = Release|Any CPU
		{2F980EE3-86BD-4359-9FED-9CF73F86548F}.AppStore|Any CPU.Build.0 = Release|Any CPU
		{2F980EE3-86BD-4359-9FED-9CF73F86548F}.AppStore|iPhone.ActiveCfg = Release|Any CPU
		{2F980EE3-86BD-4359-9FED-9CF73F86548F}.AppStore|iPhone.Build.0 = Release|Any CPU
		{2F980EE3-86BD-4359-9FED-9CF73F86548F}.AppStore|iPhoneSimulator.ActiveCfg = Release|Any CPU
		{2F980EE3-86BD-4359-9FED-9CF73F86548F}.AppStore|iPhoneSimulator.Build.0 = Release|Any CPU
		{2F980EE3-86BD-4359-9FED-9CF73F86548F}.AppStore|x86.ActiveCfg = Release|Any CPU
		{2F980EE3-86BD-4359-9FED-9CF73F86548F}.AppStore|x86.Build.0 = Release|Any CPU
		{2F980EE3-86BD-4359-9FED-9CF73F86548F}.Debug|Any CPU.ActiveCfg = Debug|Any CPU
		{2F980EE3-86BD-4359-9FED-9CF73F86548F}.Debug|Any CPU.Build.0 = Debug|Any CPU
		{2F980EE3-86BD-4359-9FED-9CF73F86548F}.Debug|iPhone.ActiveCfg = Debug|Any CPU
		{2F980EE3-86BD-4359-9FED-9CF73F86548F}.Debug|iPhone.Build.0 = Debug|Any CPU
		{2F980EE3-86BD-4359-9FED-9CF73F86548F}.Debug|iPhoneSimulator.ActiveCfg = Debug|Any CPU
		{2F980EE3-86BD-4359-9FED-9CF73F86548F}.Debug|iPhoneSimulator.Build.0 = Debug|Any CPU
		{2F980EE3-86BD-4359-9FED-9CF73F86548F}.Debug|x86.ActiveCfg = Debug|Any CPU
		{2F980EE3-86BD-4359-9FED-9CF73F86548F}.Debug|x86.Build.0 = Debug|Any CPU
		{2F980EE3-86BD-4359-9FED-9CF73F86548F}.DefaultBuild|Any CPU.ActiveCfg = Debug|Any CPU
		{2F980EE3-86BD-4359-9FED-9CF73F86548F}.DefaultBuild|Any CPU.Build.0 = Debug|Any CPU
		{2F980EE3-86BD-4359-9FED-9CF73F86548F}.DefaultBuild|iPhone.ActiveCfg = Debug|Any CPU
		{2F980EE3-86BD-4359-9FED-9CF73F86548F}.DefaultBuild|iPhone.Build.0 = Debug|Any CPU
		{2F980EE3-86BD-4359-9FED-9CF73F86548F}.DefaultBuild|iPhoneSimulator.ActiveCfg = Debug|Any CPU
		{2F980EE3-86BD-4359-9FED-9CF73F86548F}.DefaultBuild|iPhoneSimulator.Build.0 = Debug|Any CPU
		{2F980EE3-86BD-4359-9FED-9CF73F86548F}.DefaultBuild|x86.ActiveCfg = Debug|Any CPU
		{2F980EE3-86BD-4359-9FED-9CF73F86548F}.DefaultBuild|x86.Build.0 = Debug|Any CPU
		{2F980EE3-86BD-4359-9FED-9CF73F86548F}.Release|Any CPU.ActiveCfg = Release|Any CPU
		{2F980EE3-86BD-4359-9FED-9CF73F86548F}.Release|Any CPU.Build.0 = Release|Any CPU
		{2F980EE3-86BD-4359-9FED-9CF73F86548F}.Release|iPhone.ActiveCfg = Release|Any CPU
		{2F980EE3-86BD-4359-9FED-9CF73F86548F}.Release|iPhone.Build.0 = Release|Any CPU
		{2F980EE3-86BD-4359-9FED-9CF73F86548F}.Release|iPhoneSimulator.ActiveCfg = Release|Any CPU
		{2F980EE3-86BD-4359-9FED-9CF73F86548F}.Release|iPhoneSimulator.Build.0 = Release|Any CPU
		{2F980EE3-86BD-4359-9FED-9CF73F86548F}.Release|x86.ActiveCfg = Release|Any CPU
		{2F980EE3-86BD-4359-9FED-9CF73F86548F}.Release|x86.Build.0 = Release|Any CPU
		{EF9603EB-51DC-4107-B66F-48025A9F26FF}.Ad-Hoc|Any CPU.ActiveCfg = Release|Any CPU
		{EF9603EB-51DC-4107-B66F-48025A9F26FF}.Ad-Hoc|Any CPU.Build.0 = Release|Any CPU
		{EF9603EB-51DC-4107-B66F-48025A9F26FF}.Ad-Hoc|iPhone.ActiveCfg = Release|Any CPU
		{EF9603EB-51DC-4107-B66F-48025A9F26FF}.Ad-Hoc|iPhone.Build.0 = Release|Any CPU
		{EF9603EB-51DC-4107-B66F-48025A9F26FF}.Ad-Hoc|iPhoneSimulator.ActiveCfg = Release|Any CPU
		{EF9603EB-51DC-4107-B66F-48025A9F26FF}.Ad-Hoc|iPhoneSimulator.Build.0 = Release|Any CPU
		{EF9603EB-51DC-4107-B66F-48025A9F26FF}.Ad-Hoc|x86.ActiveCfg = Release|Any CPU
		{EF9603EB-51DC-4107-B66F-48025A9F26FF}.Ad-Hoc|x86.Build.0 = Release|Any CPU
		{EF9603EB-51DC-4107-B66F-48025A9F26FF}.AppStore|Any CPU.ActiveCfg = Release|Any CPU
		{EF9603EB-51DC-4107-B66F-48025A9F26FF}.AppStore|Any CPU.Build.0 = Release|Any CPU
		{EF9603EB-51DC-4107-B66F-48025A9F26FF}.AppStore|iPhone.ActiveCfg = Release|Any CPU
		{EF9603EB-51DC-4107-B66F-48025A9F26FF}.AppStore|iPhone.Build.0 = Release|Any CPU
		{EF9603EB-51DC-4107-B66F-48025A9F26FF}.AppStore|iPhoneSimulator.ActiveCfg = Release|Any CPU
		{EF9603EB-51DC-4107-B66F-48025A9F26FF}.AppStore|iPhoneSimulator.Build.0 = Release|Any CPU
		{EF9603EB-51DC-4107-B66F-48025A9F26FF}.AppStore|x86.ActiveCfg = Release|Any CPU
		{EF9603EB-51DC-4107-B66F-48025A9F26FF}.AppStore|x86.Build.0 = Release|Any CPU
		{EF9603EB-51DC-4107-B66F-48025A9F26FF}.Debug|Any CPU.ActiveCfg = Debug|Any CPU
		{EF9603EB-51DC-4107-B66F-48025A9F26FF}.Debug|Any CPU.Build.0 = Debug|Any CPU
		{EF9603EB-51DC-4107-B66F-48025A9F26FF}.Debug|iPhone.ActiveCfg = Debug|Any CPU
		{EF9603EB-51DC-4107-B66F-48025A9F26FF}.Debug|iPhone.Build.0 = Debug|Any CPU
		{EF9603EB-51DC-4107-B66F-48025A9F26FF}.Debug|iPhoneSimulator.ActiveCfg = Debug|Any CPU
		{EF9603EB-51DC-4107-B66F-48025A9F26FF}.Debug|iPhoneSimulator.Build.0 = Debug|Any CPU
		{EF9603EB-51DC-4107-B66F-48025A9F26FF}.Debug|x86.ActiveCfg = Debug|Any CPU
		{EF9603EB-51DC-4107-B66F-48025A9F26FF}.Debug|x86.Build.0 = Debug|Any CPU
		{EF9603EB-51DC-4107-B66F-48025A9F26FF}.DefaultBuild|Any CPU.ActiveCfg = Debug|Any CPU
		{EF9603EB-51DC-4107-B66F-48025A9F26FF}.DefaultBuild|Any CPU.Build.0 = Debug|Any CPU
		{EF9603EB-51DC-4107-B66F-48025A9F26FF}.DefaultBuild|iPhone.ActiveCfg = Debug|Any CPU
		{EF9603EB-51DC-4107-B66F-48025A9F26FF}.DefaultBuild|iPhone.Build.0 = Debug|Any CPU
		{EF9603EB-51DC-4107-B66F-48025A9F26FF}.DefaultBuild|iPhoneSimulator.ActiveCfg = Debug|Any CPU
		{EF9603EB-51DC-4107-B66F-48025A9F26FF}.DefaultBuild|iPhoneSimulator.Build.0 = Debug|Any CPU
		{EF9603EB-51DC-4107-B66F-48025A9F26FF}.DefaultBuild|x86.ActiveCfg = Debug|Any CPU
		{EF9603EB-51DC-4107-B66F-48025A9F26FF}.DefaultBuild|x86.Build.0 = Debug|Any CPU
		{EF9603EB-51DC-4107-B66F-48025A9F26FF}.Release|Any CPU.ActiveCfg = Release|Any CPU
		{EF9603EB-51DC-4107-B66F-48025A9F26FF}.Release|Any CPU.Build.0 = Release|Any CPU
		{EF9603EB-51DC-4107-B66F-48025A9F26FF}.Release|iPhone.ActiveCfg = Release|Any CPU
		{EF9603EB-51DC-4107-B66F-48025A9F26FF}.Release|iPhone.Build.0 = Release|Any CPU
		{EF9603EB-51DC-4107-B66F-48025A9F26FF}.Release|iPhoneSimulator.ActiveCfg = Release|Any CPU
		{EF9603EB-51DC-4107-B66F-48025A9F26FF}.Release|iPhoneSimulator.Build.0 = Release|Any CPU
		{EF9603EB-51DC-4107-B66F-48025A9F26FF}.Release|x86.ActiveCfg = Release|Any CPU
		{EF9603EB-51DC-4107-B66F-48025A9F26FF}.Release|x86.Build.0 = Release|Any CPU
		{AEC0583B-E2DC-4754-9163-2043BAD97AAC}.Ad-Hoc|Any CPU.ActiveCfg = Release|Any CPU
		{AEC0583B-E2DC-4754-9163-2043BAD97AAC}.Ad-Hoc|Any CPU.Build.0 = Release|Any CPU
		{AEC0583B-E2DC-4754-9163-2043BAD97AAC}.Ad-Hoc|iPhone.ActiveCfg = Release|Any CPU
		{AEC0583B-E2DC-4754-9163-2043BAD97AAC}.Ad-Hoc|iPhone.Build.0 = Release|Any CPU
		{AEC0583B-E2DC-4754-9163-2043BAD97AAC}.Ad-Hoc|iPhoneSimulator.ActiveCfg = Release|Any CPU
		{AEC0583B-E2DC-4754-9163-2043BAD97AAC}.Ad-Hoc|iPhoneSimulator.Build.0 = Release|Any CPU
		{AEC0583B-E2DC-4754-9163-2043BAD97AAC}.Ad-Hoc|x86.ActiveCfg = Release|Any CPU
		{AEC0583B-E2DC-4754-9163-2043BAD97AAC}.Ad-Hoc|x86.Build.0 = Release|Any CPU
		{AEC0583B-E2DC-4754-9163-2043BAD97AAC}.AppStore|Any CPU.ActiveCfg = Release|Any CPU
		{AEC0583B-E2DC-4754-9163-2043BAD97AAC}.AppStore|Any CPU.Build.0 = Release|Any CPU
		{AEC0583B-E2DC-4754-9163-2043BAD97AAC}.AppStore|iPhone.ActiveCfg = Release|Any CPU
		{AEC0583B-E2DC-4754-9163-2043BAD97AAC}.AppStore|iPhone.Build.0 = Release|Any CPU
		{AEC0583B-E2DC-4754-9163-2043BAD97AAC}.AppStore|iPhoneSimulator.ActiveCfg = Release|Any CPU
		{AEC0583B-E2DC-4754-9163-2043BAD97AAC}.AppStore|iPhoneSimulator.Build.0 = Release|Any CPU
		{AEC0583B-E2DC-4754-9163-2043BAD97AAC}.AppStore|x86.ActiveCfg = Release|Any CPU
		{AEC0583B-E2DC-4754-9163-2043BAD97AAC}.AppStore|x86.Build.0 = Release|Any CPU
		{AEC0583B-E2DC-4754-9163-2043BAD97AAC}.Debug|Any CPU.ActiveCfg = Debug|Any CPU
		{AEC0583B-E2DC-4754-9163-2043BAD97AAC}.Debug|Any CPU.Build.0 = Debug|Any CPU
		{AEC0583B-E2DC-4754-9163-2043BAD97AAC}.Debug|iPhone.ActiveCfg = Debug|Any CPU
		{AEC0583B-E2DC-4754-9163-2043BAD97AAC}.Debug|iPhone.Build.0 = Debug|Any CPU
		{AEC0583B-E2DC-4754-9163-2043BAD97AAC}.Debug|iPhoneSimulator.ActiveCfg = Debug|Any CPU
		{AEC0583B-E2DC-4754-9163-2043BAD97AAC}.Debug|iPhoneSimulator.Build.0 = Debug|Any CPU
		{AEC0583B-E2DC-4754-9163-2043BAD97AAC}.Debug|x86.ActiveCfg = Debug|Any CPU
		{AEC0583B-E2DC-4754-9163-2043BAD97AAC}.Debug|x86.Build.0 = Debug|Any CPU
		{AEC0583B-E2DC-4754-9163-2043BAD97AAC}.DefaultBuild|Any CPU.ActiveCfg = Debug|Any CPU
		{AEC0583B-E2DC-4754-9163-2043BAD97AAC}.DefaultBuild|Any CPU.Build.0 = Debug|Any CPU
		{AEC0583B-E2DC-4754-9163-2043BAD97AAC}.DefaultBuild|iPhone.ActiveCfg = Debug|Any CPU
		{AEC0583B-E2DC-4754-9163-2043BAD97AAC}.DefaultBuild|iPhone.Build.0 = Debug|Any CPU
		{AEC0583B-E2DC-4754-9163-2043BAD97AAC}.DefaultBuild|iPhoneSimulator.ActiveCfg = Debug|Any CPU
		{AEC0583B-E2DC-4754-9163-2043BAD97AAC}.DefaultBuild|iPhoneSimulator.Build.0 = Debug|Any CPU
		{AEC0583B-E2DC-4754-9163-2043BAD97AAC}.DefaultBuild|x86.ActiveCfg = Debug|Any CPU
		{AEC0583B-E2DC-4754-9163-2043BAD97AAC}.DefaultBuild|x86.Build.0 = Debug|Any CPU
		{AEC0583B-E2DC-4754-9163-2043BAD97AAC}.Release|Any CPU.ActiveCfg = Release|Any CPU
		{AEC0583B-E2DC-4754-9163-2043BAD97AAC}.Release|Any CPU.Build.0 = Release|Any CPU
		{AEC0583B-E2DC-4754-9163-2043BAD97AAC}.Release|iPhone.ActiveCfg = Release|Any CPU
		{AEC0583B-E2DC-4754-9163-2043BAD97AAC}.Release|iPhone.Build.0 = Release|Any CPU
		{AEC0583B-E2DC-4754-9163-2043BAD97AAC}.Release|iPhoneSimulator.ActiveCfg = Release|Any CPU
		{AEC0583B-E2DC-4754-9163-2043BAD97AAC}.Release|iPhoneSimulator.Build.0 = Release|Any CPU
		{AEC0583B-E2DC-4754-9163-2043BAD97AAC}.Release|x86.ActiveCfg = Release|Any CPU
		{AEC0583B-E2DC-4754-9163-2043BAD97AAC}.Release|x86.Build.0 = Release|Any CPU
		{A4A54640-D3DC-4E0D-9444-0FDD8C43DA3E}.Ad-Hoc|Any CPU.ActiveCfg = Release|Any CPU
		{A4A54640-D3DC-4E0D-9444-0FDD8C43DA3E}.Ad-Hoc|Any CPU.Build.0 = Release|Any CPU
		{A4A54640-D3DC-4E0D-9444-0FDD8C43DA3E}.Ad-Hoc|iPhone.ActiveCfg = Release|Any CPU
		{A4A54640-D3DC-4E0D-9444-0FDD8C43DA3E}.Ad-Hoc|iPhone.Build.0 = Release|Any CPU
		{A4A54640-D3DC-4E0D-9444-0FDD8C43DA3E}.Ad-Hoc|iPhoneSimulator.ActiveCfg = Release|Any CPU
		{A4A54640-D3DC-4E0D-9444-0FDD8C43DA3E}.Ad-Hoc|iPhoneSimulator.Build.0 = Release|Any CPU
		{A4A54640-D3DC-4E0D-9444-0FDD8C43DA3E}.Ad-Hoc|x86.ActiveCfg = Release|Any CPU
		{A4A54640-D3DC-4E0D-9444-0FDD8C43DA3E}.Ad-Hoc|x86.Build.0 = Release|Any CPU
		{A4A54640-D3DC-4E0D-9444-0FDD8C43DA3E}.AppStore|Any CPU.ActiveCfg = Release|Any CPU
		{A4A54640-D3DC-4E0D-9444-0FDD8C43DA3E}.AppStore|Any CPU.Build.0 = Release|Any CPU
		{A4A54640-D3DC-4E0D-9444-0FDD8C43DA3E}.AppStore|iPhone.ActiveCfg = Release|Any CPU
		{A4A54640-D3DC-4E0D-9444-0FDD8C43DA3E}.AppStore|iPhone.Build.0 = Release|Any CPU
		{A4A54640-D3DC-4E0D-9444-0FDD8C43DA3E}.AppStore|iPhoneSimulator.ActiveCfg = Release|Any CPU
		{A4A54640-D3DC-4E0D-9444-0FDD8C43DA3E}.AppStore|iPhoneSimulator.Build.0 = Release|Any CPU
		{A4A54640-D3DC-4E0D-9444-0FDD8C43DA3E}.AppStore|x86.ActiveCfg = Release|Any CPU
		{A4A54640-D3DC-4E0D-9444-0FDD8C43DA3E}.AppStore|x86.Build.0 = Release|Any CPU
		{A4A54640-D3DC-4E0D-9444-0FDD8C43DA3E}.Debug|Any CPU.ActiveCfg = Debug|Any CPU
		{A4A54640-D3DC-4E0D-9444-0FDD8C43DA3E}.Debug|Any CPU.Build.0 = Debug|Any CPU
		{A4A54640-D3DC-4E0D-9444-0FDD8C43DA3E}.Debug|iPhone.ActiveCfg = Debug|Any CPU
		{A4A54640-D3DC-4E0D-9444-0FDD8C43DA3E}.Debug|iPhone.Build.0 = Debug|Any CPU
		{A4A54640-D3DC-4E0D-9444-0FDD8C43DA3E}.Debug|iPhoneSimulator.ActiveCfg = Debug|Any CPU
		{A4A54640-D3DC-4E0D-9444-0FDD8C43DA3E}.Debug|iPhoneSimulator.Build.0 = Debug|Any CPU
		{A4A54640-D3DC-4E0D-9444-0FDD8C43DA3E}.Debug|x86.ActiveCfg = Debug|Any CPU
		{A4A54640-D3DC-4E0D-9444-0FDD8C43DA3E}.Debug|x86.Build.0 = Debug|Any CPU
		{A4A54640-D3DC-4E0D-9444-0FDD8C43DA3E}.DefaultBuild|Any CPU.ActiveCfg = Debug|Any CPU
		{A4A54640-D3DC-4E0D-9444-0FDD8C43DA3E}.DefaultBuild|Any CPU.Build.0 = Debug|Any CPU
		{A4A54640-D3DC-4E0D-9444-0FDD8C43DA3E}.DefaultBuild|iPhone.ActiveCfg = Debug|Any CPU
		{A4A54640-D3DC-4E0D-9444-0FDD8C43DA3E}.DefaultBuild|iPhone.Build.0 = Debug|Any CPU
		{A4A54640-D3DC-4E0D-9444-0FDD8C43DA3E}.DefaultBuild|iPhoneSimulator.ActiveCfg = Debug|Any CPU
		{A4A54640-D3DC-4E0D-9444-0FDD8C43DA3E}.DefaultBuild|iPhoneSimulator.Build.0 = Debug|Any CPU
		{A4A54640-D3DC-4E0D-9444-0FDD8C43DA3E}.DefaultBuild|x86.ActiveCfg = Debug|Any CPU
		{A4A54640-D3DC-4E0D-9444-0FDD8C43DA3E}.DefaultBuild|x86.Build.0 = Debug|Any CPU
		{A4A54640-D3DC-4E0D-9444-0FDD8C43DA3E}.Release|Any CPU.ActiveCfg = Release|Any CPU
		{A4A54640-D3DC-4E0D-9444-0FDD8C43DA3E}.Release|Any CPU.Build.0 = Release|Any CPU
		{A4A54640-D3DC-4E0D-9444-0FDD8C43DA3E}.Release|iPhone.ActiveCfg = Release|Any CPU
		{A4A54640-D3DC-4E0D-9444-0FDD8C43DA3E}.Release|iPhone.Build.0 = Release|Any CPU
		{A4A54640-D3DC-4E0D-9444-0FDD8C43DA3E}.Release|iPhoneSimulator.ActiveCfg = Release|Any CPU
		{A4A54640-D3DC-4E0D-9444-0FDD8C43DA3E}.Release|iPhoneSimulator.Build.0 = Release|Any CPU
		{A4A54640-D3DC-4E0D-9444-0FDD8C43DA3E}.Release|x86.ActiveCfg = Release|Any CPU
		{A4A54640-D3DC-4E0D-9444-0FDD8C43DA3E}.Release|x86.Build.0 = Release|Any CPU
		{FACF4F2B-863F-489F-9CBE-9DD0A9BA61B6}.Ad-Hoc|Any CPU.ActiveCfg = DefaultBuild
		{FACF4F2B-863F-489F-9CBE-9DD0A9BA61B6}.Ad-Hoc|Any CPU.Build.0 = DefaultBuild
		{FACF4F2B-863F-489F-9CBE-9DD0A9BA61B6}.Ad-Hoc|iPhone.ActiveCfg = DefaultBuild
		{FACF4F2B-863F-489F-9CBE-9DD0A9BA61B6}.Ad-Hoc|iPhone.Build.0 = DefaultBuild
		{FACF4F2B-863F-489F-9CBE-9DD0A9BA61B6}.Ad-Hoc|iPhoneSimulator.ActiveCfg = DefaultBuild
		{FACF4F2B-863F-489F-9CBE-9DD0A9BA61B6}.Ad-Hoc|iPhoneSimulator.Build.0 = DefaultBuild
		{FACF4F2B-863F-489F-9CBE-9DD0A9BA61B6}.Ad-Hoc|x86.ActiveCfg = DefaultBuild
		{FACF4F2B-863F-489F-9CBE-9DD0A9BA61B6}.Ad-Hoc|x86.Build.0 = DefaultBuild
		{FACF4F2B-863F-489F-9CBE-9DD0A9BA61B6}.AppStore|Any CPU.ActiveCfg = DefaultBuild
		{FACF4F2B-863F-489F-9CBE-9DD0A9BA61B6}.AppStore|Any CPU.Build.0 = DefaultBuild
		{FACF4F2B-863F-489F-9CBE-9DD0A9BA61B6}.AppStore|iPhone.ActiveCfg = DefaultBuild
		{FACF4F2B-863F-489F-9CBE-9DD0A9BA61B6}.AppStore|iPhone.Build.0 = DefaultBuild
		{FACF4F2B-863F-489F-9CBE-9DD0A9BA61B6}.AppStore|iPhoneSimulator.ActiveCfg = DefaultBuild
		{FACF4F2B-863F-489F-9CBE-9DD0A9BA61B6}.AppStore|iPhoneSimulator.Build.0 = DefaultBuild
		{FACF4F2B-863F-489F-9CBE-9DD0A9BA61B6}.AppStore|x86.ActiveCfg = DefaultBuild
		{FACF4F2B-863F-489F-9CBE-9DD0A9BA61B6}.AppStore|x86.Build.0 = DefaultBuild
		{FACF4F2B-863F-489F-9CBE-9DD0A9BA61B6}.Debug|Any CPU.ActiveCfg = DefaultBuild
		{FACF4F2B-863F-489F-9CBE-9DD0A9BA61B6}.Debug|Any CPU.Build.0 = DefaultBuild
		{FACF4F2B-863F-489F-9CBE-9DD0A9BA61B6}.Debug|iPhone.ActiveCfg = DefaultBuild
		{FACF4F2B-863F-489F-9CBE-9DD0A9BA61B6}.Debug|iPhone.Build.0 = DefaultBuild
		{FACF4F2B-863F-489F-9CBE-9DD0A9BA61B6}.Debug|iPhoneSimulator.ActiveCfg = DefaultBuild
		{FACF4F2B-863F-489F-9CBE-9DD0A9BA61B6}.Debug|iPhoneSimulator.Build.0 = DefaultBuild
		{FACF4F2B-863F-489F-9CBE-9DD0A9BA61B6}.Debug|x86.ActiveCfg = DefaultBuild
		{FACF4F2B-863F-489F-9CBE-9DD0A9BA61B6}.Debug|x86.Build.0 = DefaultBuild
		{FACF4F2B-863F-489F-9CBE-9DD0A9BA61B6}.DefaultBuild|Any CPU.ActiveCfg = DefaultBuild
		{FACF4F2B-863F-489F-9CBE-9DD0A9BA61B6}.DefaultBuild|Any CPU.Build.0 = DefaultBuild
		{FACF4F2B-863F-489F-9CBE-9DD0A9BA61B6}.DefaultBuild|iPhone.ActiveCfg = DefaultBuild
		{FACF4F2B-863F-489F-9CBE-9DD0A9BA61B6}.DefaultBuild|iPhone.Build.0 = DefaultBuild
		{FACF4F2B-863F-489F-9CBE-9DD0A9BA61B6}.DefaultBuild|iPhoneSimulator.ActiveCfg = DefaultBuild
		{FACF4F2B-863F-489F-9CBE-9DD0A9BA61B6}.DefaultBuild|iPhoneSimulator.Build.0 = DefaultBuild
		{FACF4F2B-863F-489F-9CBE-9DD0A9BA61B6}.DefaultBuild|x86.ActiveCfg = DefaultBuild
		{FACF4F2B-863F-489F-9CBE-9DD0A9BA61B6}.DefaultBuild|x86.Build.0 = DefaultBuild
		{FACF4F2B-863F-489F-9CBE-9DD0A9BA61B6}.Release|Any CPU.ActiveCfg = DefaultBuild
		{FACF4F2B-863F-489F-9CBE-9DD0A9BA61B6}.Release|Any CPU.Build.0 = DefaultBuild
		{FACF4F2B-863F-489F-9CBE-9DD0A9BA61B6}.Release|iPhone.ActiveCfg = DefaultBuild
		{FACF4F2B-863F-489F-9CBE-9DD0A9BA61B6}.Release|iPhone.Build.0 = DefaultBuild
		{FACF4F2B-863F-489F-9CBE-9DD0A9BA61B6}.Release|iPhoneSimulator.ActiveCfg = DefaultBuild
		{FACF4F2B-863F-489F-9CBE-9DD0A9BA61B6}.Release|iPhoneSimulator.Build.0 = DefaultBuild
		{FACF4F2B-863F-489F-9CBE-9DD0A9BA61B6}.Release|x86.ActiveCfg = DefaultBuild
		{FACF4F2B-863F-489F-9CBE-9DD0A9BA61B6}.Release|x86.Build.0 = DefaultBuild
	EndGlobalSection
	GlobalSection(SolutionProperties) = preSolution
		HideSolutionNode = FALSE
	EndGlobalSection
EndGlobal
